
Microsoft Visual Studio Solution File, Format Version 12.00
# Visual Studio Version 17
VisualStudioVersion = 17.2.32630.192
MinimumVisualStudioVersion = 10.0.40219.1
Project("{FAE04EC0-301F-11D3-BF4B-00C04F79EFBC}") = "GuysWhoLendEachOtherMoney", "GuysWhoLendEachOtherMoney.csproj", "{A63D4C81-B38C-4434-832C-A21D0468FA3B}"
EndProject
Global
	GlobalSection(SolutionConfigurationPlatforms) = preSolution
		Debug|Any CPU = Debug|Any CPU
		Release|Any CPU = Release|Any CPU
	EndGlobalSection
	GlobalSection(ProjectConfigurationPlatforms) = postSolution
		{A63D4C81-B38C-4434-832C-A21D0468FA3B}.Debug|Any CPU.ActiveCfg = Debug|Any CPU
		{A63D4C81-B38C-4434-832C-A21D0468FA3B}.Debug|Any CPU.Build.0 = Debug|Any CPU
		{A63D4C81-B38C-4434-832C-A21D0468FA3B}.Release|Any CPU.ActiveCfg = Release|Any CPU
		{A63D4C81-B38C-4434-832C-A21D0468FA3B}.Release|Any CPU.Build.0 = Release|Any CPU
	EndGlobalSection
	GlobalSection(SolutionProperties) = preSolution
		HideSolutionNode = FALSE
	EndGlobalSection
	GlobalSection(ExtensibilityGlobals) = postSolution
		SolutionGuid = {4F63C40B-B8CC-4345-AB75-BF02AD1AB79D}
	EndGlobalSection
EndGlobal
